
Microsoft Visual Studio Solution File, Format Version 12.00
# Visual Studio 15
VisualStudioVersion = 15.0.28010.2046
MinimumVisualStudioVersion = 10.0.40219.1
Project("{FAE04EC0-301F-11D3-BF4B-00C04F79EFBC}") = "AppLetGo.Android", "AppLetGo\AppLetGo.Android\AppLetGo.Android.csproj", "{C7D93696-EFBC-4770-9A7B-E52965BC8992}"
EndProject
Project("{FAE04EC0-301F-11D3-BF4B-00C04F79EFBC}") = "AppLetGo.iOS", "AppLetGo\AppLetGo.iOS\AppLetGo.iOS.csproj", "{5382316A-255B-478D-89ED-5B036B37DDF5}"
EndProject
Project("{FAE04EC0-301F-11D3-BF4B-00C04F79EFBC}") = "AppLetGo.UWP", "AppLetGo\AppLetGo.UWP\AppLetGo.UWP.csproj", "{00850E7F-0616-4C76-99C6-2942074D30F5}"
EndProject
Project("{9A19103F-16F7-4668-BE54-9A1E7A4F7556}") = "AppLetGo", "AppLetGo\AppLetGo\AppLetGo.csproj", "{8A8927E8-F9A1-4964-951D-4AC9CE9ECC0B}"
EndProject
Project("{FAE04EC0-301F-11D3-BF4B-00C04F79EFBC}") = "AppLetGo.DAL", "AppLetGo.DAL\AppLetGo.DAL.csproj", "{0ADF714F-4DD3-44DE-A498-720A74D4C104}"
EndProject
Project("{FAE04EC0-301F-11D3-BF4B-00C04F79EFBC}") = "AppLetGo.Business", "AppLetGo.Business\AppLetGo.Business.csproj", "{43C18B89-4E1E-43F7-83A3-F0C4F146FA9B}"
EndProject
Project("{FAE04EC0-301F-11D3-BF4B-00C04F79EFBC}") = "LetGo.UnitTest", "LetGo.UnitTest\LetGo.UnitTest.csproj", "{ACBA5812-3EB0-4475-B786-2810742C3BCF}"
EndProject
Global
	GlobalSection(SolutionConfigurationPlatforms) = preSolution
		Ad-Hoc|Any CPU = Ad-Hoc|Any CPU
		Ad-Hoc|ARM = Ad-Hoc|ARM
		Ad-Hoc|iPhone = Ad-Hoc|iPhone
		Ad-Hoc|iPhoneSimulator = Ad-Hoc|iPhoneSimulator
		Ad-Hoc|x64 = Ad-Hoc|x64
		Ad-Hoc|x86 = Ad-Hoc|x86
		AppStore|Any CPU = AppStore|Any CPU
		AppStore|ARM = AppStore|ARM
		AppStore|iPhone = AppStore|iPhone
		AppStore|iPhoneSimulator = AppStore|iPhoneSimulator
		AppStore|x64 = AppStore|x64
		AppStore|x86 = AppStore|x86
		Debug|Any CPU = Debug|Any CPU
		Debug|ARM = Debug|ARM
		Debug|iPhone = Debug|iPhone
		Debug|iPhoneSimulator = Debug|iPhoneSimulator
		Debug|x64 = Debug|x64
		Debug|x86 = Debug|x86
		Release|Any CPU = Release|Any CPU
		Release|ARM = Release|ARM
		Release|iPhone = Release|iPhone
		Release|iPhoneSimulator = Release|iPhoneSimulator
		Release|x64 = Release|x64
		Release|x86 = Release|x86
	EndGlobalSection
	GlobalSection(ProjectConfigurationPlatforms) = postSolution
		{C7D93696-EFBC-4770-9A7B-E52965BC8992}.Ad-Hoc|Any CPU.ActiveCfg = Release|Any CPU
		{C7D93696-EFBC-4770-9A7B-E52965BC8992}.Ad-Hoc|Any CPU.Build.0 = Release|Any CPU
		{C7D93696-EFBC-4770-9A7B-E52965BC8992}.Ad-Hoc|Any CPU.Deploy.0 = Release|Any CPU
		{C7D93696-EFBC-4770-9A7B-E52965BC8992}.Ad-Hoc|ARM.ActiveCfg = Release|Any CPU
		{C7D93696-EFBC-4770-9A7B-E52965BC8992}.Ad-Hoc|ARM.Build.0 = Release|Any CPU
		{C7D93696-EFBC-4770-9A7B-E52965BC8992}.Ad-Hoc|ARM.Deploy.0 = Release|Any CPU
		{C7D93696-EFBC-4770-9A7B-E52965BC8992}.Ad-Hoc|iPhone.ActiveCfg = Release|Any CPU
		{C7D93696-EFBC-4770-9A7B-E52965BC8992}.Ad-Hoc|iPhone.Build.0 = Release|Any CPU
		{C7D93696-EFBC-4770-9A7B-E52965BC8992}.Ad-Hoc|iPhone.Deploy.0 = Release|Any CPU
		{C7D93696-EFBC-4770-9A7B-E52965BC8992}.Ad-Hoc|iPhoneSimulator.ActiveCfg = Release|Any CPU
		{C7D93696-EFBC-4770-9A7B-E52965BC8992}.Ad-Hoc|iPhoneSimulator.Build.0 = Release|Any CPU
		{C7D93696-EFBC-4770-9A7B-E52965BC8992}.Ad-Hoc|iPhoneSimulator.Deploy.0 = Release|Any CPU
		{C7D93696-EFBC-4770-9A7B-E52965BC8992}.Ad-Hoc|x64.ActiveCfg = Release|Any CPU
		{C7D93696-EFBC-4770-9A7B-E52965BC8992}.Ad-Hoc|x64.Build.0 = Release|Any CPU
		{C7D93696-EFBC-4770-9A7B-E52965BC8992}.Ad-Hoc|x64.Deploy.0 = Release|Any CPU
		{C7D93696-EFBC-4770-9A7B-E52965BC8992}.Ad-Hoc|x86.ActiveCfg = Release|Any CPU
		{C7D93696-EFBC-4770-9A7B-E52965BC8992}.Ad-Hoc|x86.Build.0 = Release|Any CPU
		{C7D93696-EFBC-4770-9A7B-E52965BC8992}.Ad-Hoc|x86.Deploy.0 = Release|Any CPU
		{C7D93696-EFBC-4770-9A7B-E52965BC8992}.AppStore|Any CPU.ActiveCfg = Release|Any CPU
		{C7D93696-EFBC-4770-9A7B-E52965BC8992}.AppStore|Any CPU.Build.0 = Release|Any CPU
		{C7D93696-EFBC-4770-9A7B-E52965BC8992}.AppStore|Any CPU.Deploy.0 = Release|Any CPU
		{C7D93696-EFBC-4770-9A7B-E52965BC8992}.AppStore|ARM.ActiveCfg = Release|Any CPU
		{C7D93696-EFBC-4770-9A7B-E52965BC8992}.AppStore|ARM.Build.0 = Release|Any CPU
		{C7D93696-EFBC-4770-9A7B-E52965BC8992}.AppStore|ARM.Deploy.0 = Release|Any CPU
		{C7D93696-EFBC-4770-9A7B-E52965BC8992}.AppStore|iPhone.ActiveCfg = Release|Any CPU
		{C7D93696-EFBC-4770-9A7B-E52965BC8992}.AppStore|iPhone.Build.0 = Release|Any CPU
		{C7D93696-EFBC-4770-9A7B-E52965BC8992}.AppStore|iPhone.Deploy.0 = Release|Any CPU
		{C7D93696-EFBC-4770-9A7B-E52965BC8992}.AppStore|iPhoneSimulator.ActiveCfg = Release|Any CPU
		{C7D93696-EFBC-4770-9A7B-E52965BC8992}.AppStore|iPhoneSimulator.Build.0 = Release|Any CPU
		{C7D93696-EFBC-4770-9A7B-E52965BC8992}.AppStore|iPhoneSimulator.Deploy.0 = Release|Any CPU
		{C7D93696-EFBC-4770-9A7B-E52965BC8992}.AppStore|x64.ActiveCfg = Release|Any CPU
		{C7D93696-EFBC-4770-9A7B-E52965BC8992}.AppStore|x64.Build.0 = Release|Any CPU
		{C7D93696-EFBC-4770-9A7B-E52965BC8992}.AppStore|x64.Deploy.0 = Release|Any CPU
		{C7D93696-EFBC-4770-9A7B-E52965BC8992}.AppStore|x86.ActiveCfg = Release|Any CPU
		{C7D93696-EFBC-4770-9A7B-E52965BC8992}.AppStore|x86.Build.0 = Release|Any CPU
		{C7D93696-EFBC-4770-9A7B-E52965BC8992}.AppStore|x86.Deploy.0 = Release|Any CPU
		{C7D93696-EFBC-4770-9A7B-E52965BC8992}.Debug|Any CPU.ActiveCfg = Debug|Any CPU
		{C7D93696-EFBC-4770-9A7B-E52965BC8992}.Debug|Any CPU.Build.0 = Debug|Any CPU
		{C7D93696-EFBC-4770-9A7B-E52965BC8992}.Debug|Any CPU.Deploy.0 = Debug|Any CPU
		{C7D93696-EFBC-4770-9A7B-E52965BC8992}.Debug|ARM.ActiveCfg = Debug|Any CPU
		{C7D93696-EFBC-4770-9A7B-E52965BC8992}.Debug|ARM.Build.0 = Debug|Any CPU
		{C7D93696-EFBC-4770-9A7B-E52965BC8992}.Debug|ARM.Deploy.0 = Debug|Any CPU
		{C7D93696-EFBC-4770-9A7B-E52965BC8992}.Debug|iPhone.ActiveCfg = Debug|Any CPU
		{C7D93696-EFBC-4770-9A7B-E52965BC8992}.Debug|iPhone.Build.0 = Debug|Any CPU
		{C7D93696-EFBC-4770-9A7B-E52965BC8992}.Debug|iPhone.Deploy.0 = Debug|Any CPU
		{C7D93696-EFBC-4770-9A7B-E52965BC8992}.Debug|iPhoneSimulator.ActiveCfg = Debug|Any CPU
		{C7D93696-EFBC-4770-9A7B-E52965BC8992}.Debug|iPhoneSimulator.Build.0 = Debug|Any CPU
		{C7D93696-EFBC-4770-9A7B-E52965BC8992}.Debug|iPhoneSimulator.Deploy.0 = Debug|Any CPU
		{C7D93696-EFBC-4770-9A7B-E52965BC8992}.Debug|x64.ActiveCfg = Debug|Any CPU
		{C7D93696-EFBC-4770-9A7B-E52965BC8992}.Debug|x64.Build.0 = Debug|Any CPU
		{C7D93696-EFBC-4770-9A7B-E52965BC8992}.Debug|x64.Deploy.0 = Debug|Any CPU
		{C7D93696-EFBC-4770-9A7B-E52965BC8992}.Debug|x86.ActiveCfg = Debug|Any CPU
		{C7D93696-EFBC-4770-9A7B-E52965BC8992}.Debug|x86.Build.0 = Debug|Any CPU
		{C7D93696-EFBC-4770-9A7B-E52965BC8992}.Debug|x86.Deploy.0 = Debug|Any CPU
		{C7D93696-EFBC-4770-9A7B-E52965BC8992}.Release|Any CPU.ActiveCfg = Release|Any CPU
		{C7D93696-EFBC-4770-9A7B-E52965BC8992}.Release|Any CPU.Build.0 = Release|Any CPU
		{C7D93696-EFBC-4770-9A7B-E52965BC8992}.Release|Any CPU.Deploy.0 = Release|Any CPU
		{C7D93696-EFBC-4770-9A7B-E52965BC8992}.Release|ARM.ActiveCfg = Release|Any CPU
		{C7D93696-EFBC-4770-9A7B-E52965BC8992}.Release|ARM.Build.0 = Release|Any CPU
		{C7D93696-EFBC-4770-9A7B-E52965BC8992}.Release|ARM.Deploy.0 = Release|Any CPU
		{C7D93696-EFBC-4770-9A7B-E52965BC8992}.Release|iPhone.ActiveCfg = Release|Any CPU
		{C7D93696-EFBC-4770-9A7B-E52965BC8992}.Release|iPhone.Build.0 = Release|Any CPU
		{C7D93696-EFBC-4770-9A7B-E52965BC8992}.Release|iPhone.Deploy.0 = Release|Any CPU
		{C7D93696-EFBC-4770-9A7B-E52965BC8992}.Release|iPhoneSimulator.ActiveCfg = Release|Any CPU
		{C7D93696-EFBC-4770-9A7B-E52965BC8992}.Release|iPhoneSimulator.Build.0 = Release|Any CPU
		{C7D93696-EFBC-4770-9A7B-E52965BC8992}.Release|iPhoneSimulator.Deploy.0 = Release|Any CPU
		{C7D93696-EFBC-4770-9A7B-E52965BC8992}.Release|x64.ActiveCfg = Release|Any CPU
		{C7D93696-EFBC-4770-9A7B-E52965BC8992}.Release|x64.Build.0 = Release|Any CPU
		{C7D93696-EFBC-4770-9A7B-E52965BC8992}.Release|x64.Deploy.0 = Release|Any CPU
		{C7D93696-EFBC-4770-9A7B-E52965BC8992}.Release|x86.ActiveCfg = Release|Any CPU
		{C7D93696-EFBC-4770-9A7B-E52965BC8992}.Release|x86.Build.0 = Release|Any CPU
		{C7D93696-EFBC-4770-9A7B-E52965BC8992}.Release|x86.Deploy.0 = Release|Any CPU
		{5382316A-255B-478D-89ED-5B036B37DDF5}.Ad-Hoc|Any CPU.ActiveCfg = Ad-Hoc|iPhone
		{5382316A-255B-478D-89ED-5B036B37DDF5}.Ad-Hoc|Any CPU.Build.0 = Ad-Hoc|iPhone
		{5382316A-255B-478D-89ED-5B036B37DDF5}.Ad-Hoc|Any CPU.Deploy.0 = Ad-Hoc|iPhone
		{5382316A-255B-478D-89ED-5B036B37DDF5}.Ad-Hoc|ARM.ActiveCfg = Ad-Hoc|iPhone
		{5382316A-255B-478D-89ED-5B036B37DDF5}.Ad-Hoc|ARM.Build.0 = Ad-Hoc|iPhone
		{5382316A-255B-478D-89ED-5B036B37DDF5}.Ad-Hoc|ARM.Deploy.0 = Ad-Hoc|iPhone
		{5382316A-255B-478D-89ED-5B036B37DDF5}.Ad-Hoc|iPhone.ActiveCfg = Ad-Hoc|iPhone
		{5382316A-255B-478D-89ED-5B036B37DDF5}.Ad-Hoc|iPhone.Build.0 = Ad-Hoc|iPhone
		{5382316A-255B-478D-89ED-5B036B37DDF5}.Ad-Hoc|iPhone.Deploy.0 = Ad-Hoc|iPhone
		{5382316A-255B-478D-89ED-5B036B37DDF5}.Ad-Hoc|iPhoneSimulator.ActiveCfg = Ad-Hoc|iPhoneSimulator
		{5382316A-255B-478D-89ED-5B036B37DDF5}.Ad-Hoc|iPhoneSimulator.Build.0 = Ad-Hoc|iPhoneSimulator
		{5382316A-255B-478D-89ED-5B036B37DDF5}.Ad-Hoc|iPhoneSimulator.Deploy.0 = Ad-Hoc|iPhoneSimulator
		{5382316A-255B-478D-89ED-5B036B37DDF5}.Ad-Hoc|x64.ActiveCfg = Ad-Hoc|iPhone
		{5382316A-255B-478D-89ED-5B036B37DDF5}.Ad-Hoc|x64.Build.0 = Ad-Hoc|iPhone
		{5382316A-255B-478D-89ED-5B036B37DDF5}.Ad-Hoc|x64.Deploy.0 = Ad-Hoc|iPhone
		{5382316A-255B-478D-89ED-5B036B37DDF5}.Ad-Hoc|x86.ActiveCfg = Ad-Hoc|iPhone
		{5382316A-255B-478D-89ED-5B036B37DDF5}.Ad-Hoc|x86.Build.0 = Ad-Hoc|iPhone
		{5382316A-255B-478D-89ED-5B036B37DDF5}.Ad-Hoc|x86.Deploy.0 = Ad-Hoc|iPhone
		{5382316A-255B-478D-89ED-5B036B37DDF5}.AppStore|Any CPU.ActiveCfg = AppStore|iPhone
		{5382316A-255B-478D-89ED-5B036B37DDF5}.AppStore|Any CPU.Build.0 = AppStore|iPhone
		{5382316A-255B-478D-89ED-5B036B37DDF5}.AppStore|Any CPU.Deploy.0 = AppStore|iPhone
		{5382316A-255B-478D-89ED-5B036B37DDF5}.AppStore|ARM.ActiveCfg = AppStore|iPhone
		{5382316A-255B-478D-89ED-5B036B37DDF5}.AppStore|ARM.Build.0 = AppStore|iPhone
		{5382316A-255B-478D-89ED-5B036B37DDF5}.AppStore|ARM.Deploy.0 = AppStore|iPhone
		{5382316A-255B-478D-89ED-5B036B37DDF5}.AppStore|iPhone.ActiveCfg = AppStore|iPhone
		{5382316A-255B-478D-89ED-5B036B37DDF5}.AppStore|iPhone.Build.0 = AppStore|iPhone
		{5382316A-255B-478D-89ED-5B036B37DDF5}.AppStore|iPhone.Deploy.0 = AppStore|iPhone
		{5382316A-255B-478D-89ED-5B036B37DDF5}.AppStore|iPhoneSimulator.ActiveCfg = AppStore|iPhoneSimulator
		{5382316A-255B-478D-89ED-5B036B37DDF5}.AppStore|iPhoneSimulator.Build.0 = AppStore|iPhoneSimulator
		{5382316A-255B-478D-89ED-5B036B37DDF5}.AppStore|iPhoneSimulator.Deploy.0 = AppStore|iPhoneSimulator
		{5382316A-255B-478D-89ED-5B036B37DDF5}.AppStore|x64.ActiveCfg = AppStore|iPhone
		{5382316A-255B-478D-89ED-5B036B37DDF5}.AppStore|x64.Build.0 = AppStore|iPhone
		{5382316A-255B-478D-89ED-5B036B37DDF5}.AppStore|x64.Deploy.0 = AppStore|iPhone
		{5382316A-255B-478D-89ED-5B036B37DDF5}.AppStore|x86.ActiveCfg = AppStore|iPhone
		{5382316A-255B-478D-89ED-5B036B37DDF5}.AppStore|x86.Build.0 = AppStore|iPhone
		{5382316A-255B-478D-89ED-5B036B37DDF5}.AppStore|x86.Deploy.0 = AppStore|iPhone
		{5382316A-255B-478D-89ED-5B036B37DDF5}.Debug|Any CPU.ActiveCfg = Debug|iPhoneSimulator
		{5382316A-255B-478D-89ED-5B036B37DDF5}.Debug|Any CPU.Build.0 = Debug|iPhoneSimulator
		{5382316A-255B-478D-89ED-5B036B37DDF5}.Debug|Any CPU.Deploy.0 = Debug|iPhoneSimulator
		{5382316A-255B-478D-89ED-5B036B37DDF5}.Debug|ARM.ActiveCfg = Debug|iPhone
		{5382316A-255B-478D-89ED-5B036B37DDF5}.Debug|ARM.Build.0 = Debug|iPhone
		{5382316A-255B-478D-89ED-5B036B37DDF5}.Debug|ARM.Deploy.0 = Debug|iPhone
		{5382316A-255B-478D-89ED-5B036B37DDF5}.Debug|iPhone.ActiveCfg = Debug|iPhone
		{5382316A-255B-478D-89ED-5B036B37DDF5}.Debug|iPhone.Build.0 = Debug|iPhone
		{5382316A-255B-478D-89ED-5B036B37DDF5}.Debug|iPhone.Deploy.0 = Debug|iPhone
		{5382316A-255B-478D-89ED-5B036B37DDF5}.Debug|iPhoneSimulator.ActiveCfg = Debug|iPhoneSimulator
		{5382316A-255B-478D-89ED-5B036B37DDF5}.Debug|iPhoneSimulator.Build.0 = Debug|iPhoneSimulator
		{5382316A-255B-478D-89ED-5B036B37DDF5}.Debug|iPhoneSimulator.Deploy.0 = Debug|iPhoneSimulator
		{5382316A-255B-478D-89ED-5B036B37DDF5}.Debug|x64.ActiveCfg = Debug|iPhone
		{5382316A-255B-478D-89ED-5B036B37DDF5}.Debug|x64.Build.0 = Debug|iPhone
		{5382316A-255B-478D-89ED-5B036B37DDF5}.Debug|x64.Deploy.0 = Debug|iPhone
		{5382316A-255B-478D-89ED-5B036B37DDF5}.Debug|x86.ActiveCfg = Debug|iPhone
		{5382316A-255B-478D-89ED-5B036B37DDF5}.Debug|x86.Build.0 = Debug|iPhone
		{5382316A-255B-478D-89ED-5B036B37DDF5}.Debug|x86.Deploy.0 = Debug|iPhone
		{5382316A-255B-478D-89ED-5B036B37DDF5}.Release|Any CPU.ActiveCfg = Release|iPhone
		{5382316A-255B-478D-89ED-5B036B37DDF5}.Release|Any CPU.Build.0 = Release|iPhone
		{5382316A-255B-478D-89ED-5B036B37DDF5}.Release|Any CPU.Deploy.0 = Release|iPhone
		{5382316A-255B-478D-89ED-5B036B37DDF5}.Release|ARM.ActiveCfg = Release|iPhone
		{5382316A-255B-478D-89ED-5B036B37DDF5}.Release|ARM.Build.0 = Release|iPhone
		{5382316A-255B-478D-89ED-5B036B37DDF5}.Release|ARM.Deploy.0 = Release|iPhone
		{5382316A-255B-478D-89ED-5B036B37DDF5}.Release|iPhone.ActiveCfg = Release|iPhone
		{5382316A-255B-478D-89ED-5B036B37DDF5}.Release|iPhone.Build.0 = Release|iPhone
		{5382316A-255B-478D-89ED-5B036B37DDF5}.Release|iPhone.Deploy.0 = Release|iPhone
		{5382316A-255B-478D-89ED-5B036B37DDF5}.Release|iPhoneSimulator.ActiveCfg = Release|iPhoneSimulator
		{5382316A-255B-478D-89ED-5B036B37DDF5}.Release|iPhoneSimulator.Build.0 = Release|iPhoneSimulator
		{5382316A-255B-478D-89ED-5B036B37DDF5}.Release|iPhoneSimulator.Deploy.0 = Release|iPhoneSimulator
		{5382316A-255B-478D-89ED-5B036B37DDF5}.Release|x64.ActiveCfg = Release|iPhone
		{5382316A-255B-478D-89ED-5B036B37DDF5}.Release|x64.Build.0 = Release|iPhone
		{5382316A-255B-478D-89ED-5B036B37DDF5}.Release|x64.Deploy.0 = Release|iPhone
		{5382316A-255B-478D-89ED-5B036B37DDF5}.Release|x86.ActiveCfg = Release|iPhone
		{5382316A-255B-478D-89ED-5B036B37DDF5}.Release|x86.Build.0 = Release|iPhone
		{5382316A-255B-478D-89ED-5B036B37DDF5}.Release|x86.Deploy.0 = Release|iPhone
		{00850E7F-0616-4C76-99C6-2942074D30F5}.Ad-Hoc|Any CPU.ActiveCfg = Release|x86
		{00850E7F-0616-4C76-99C6-2942074D30F5}.Ad-Hoc|Any CPU.Build.0 = Release|x86
		{00850E7F-0616-4C76-99C6-2942074D30F5}.Ad-Hoc|Any CPU.Deploy.0 = Release|x86
		{00850E7F-0616-4C76-99C6-2942074D30F5}.Ad-Hoc|ARM.ActiveCfg = Release|ARM
		{00850E7F-0616-4C76-99C6-2942074D30F5}.Ad-Hoc|ARM.Build.0 = Release|ARM
		{00850E7F-0616-4C76-99C6-2942074D30F5}.Ad-Hoc|ARM.Deploy.0 = Release|ARM
		{00850E7F-0616-4C76-99C6-2942074D30F5}.Ad-Hoc|iPhone.ActiveCfg = Release|x86
		{00850E7F-0616-4C76-99C6-2942074D30F5}.Ad-Hoc|iPhone.Build.0 = Release|x86
		{00850E7F-0616-4C76-99C6-2942074D30F5}.Ad-Hoc|iPhone.Deploy.0 = Release|x86
		{00850E7F-0616-4C76-99C6-2942074D30F5}.Ad-Hoc|iPhoneSimulator.ActiveCfg = Release|x86
		{00850E7F-0616-4C76-99C6-2942074D30F5}.Ad-Hoc|iPhoneSimulator.Build.0 = Release|x86
		{00850E7F-0616-4C76-99C6-2942074D30F5}.Ad-Hoc|iPhoneSimulator.Deploy.0 = Release|x86
		{00850E7F-0616-4C76-99C6-2942074D30F5}.Ad-Hoc|x64.ActiveCfg = Release|x64
		{00850E7F-0616-4C76-99C6-2942074D30F5}.Ad-Hoc|x64.Build.0 = Release|x64
		{00850E7F-0616-4C76-99C6-2942074D30F5}.Ad-Hoc|x64.Deploy.0 = Release|x64
		{00850E7F-0616-4C76-99C6-2942074D30F5}.Ad-Hoc|x86.ActiveCfg = Release|x86
		{00850E7F-0616-4C76-99C6-2942074D30F5}.Ad-Hoc|x86.Build.0 = Release|x86
		{00850E7F-0616-4C76-99C6-2942074D30F5}.Ad-Hoc|x86.Deploy.0 = Release|x86
		{00850E7F-0616-4C76-99C6-2942074D30F5}.AppStore|Any CPU.ActiveCfg = Release|x86
		{00850E7F-0616-4C76-99C6-2942074D30F5}.AppStore|Any CPU.Build.0 = Release|x86
		{00850E7F-0616-4C76-99C6-2942074D30F5}.AppStore|Any CPU.Deploy.0 = Release|x86
		{00850E7F-0616-4C76-99C6-2942074D30F5}.AppStore|ARM.ActiveCfg = Release|ARM
		{00850E7F-0616-4C76-99C6-2942074D30F5}.AppStore|ARM.Build.0 = Release|ARM
		{00850E7F-0616-4C76-99C6-2942074D30F5}.AppStore|ARM.Deploy.0 = Release|ARM
		{00850E7F-0616-4C76-99C6-2942074D30F5}.AppStore|iPhone.ActiveCfg = Release|x86
		{00850E7F-0616-4C76-99C6-2942074D30F5}.AppStore|iPhone.Build.0 = Release|x86
		{00850E7F-0616-4C76-99C6-2942074D30F5}.AppStore|iPhone.Deploy.0 = Release|x86
		{00850E7F-0616-4C76-99C6-2942074D30F5}.AppStore|iPhoneSimulator.ActiveCfg = Release|x86
		{00850E7F-0616-4C76-99C6-2942074D30F5}.AppStore|iPhoneSimulator.Build.0 = Release|x86
		{00850E7F-0616-4C76-99C6-2942074D30F5}.AppStore|iPhoneSimulator.Deploy.0 = Release|x86
		{00850E7F-0616-4C76-99C6-2942074D30F5}.AppStore|x64.ActiveCfg = Release|x64
		{00850E7F-0616-4C76-99C6-2942074D30F5}.AppStore|x64.Build.0 = Release|x64
		{00850E7F-0616-4C76-99C6-2942074D30F5}.AppStore|x64.Deploy.0 = Release|x64
		{00850E7F-0616-4C76-99C6-2942074D30F5}.AppStore|x86.ActiveCfg = Release|x86
		{00850E7F-0616-4C76-99C6-2942074D30F5}.AppStore|x86.Build.0 = Release|x86
		{00850E7F-0616-4C76-99C6-2942074D30F5}.AppStore|x86.Deploy.0 = Release|x86
		{00850E7F-0616-4C76-99C6-2942074D30F5}.Debug|Any CPU.ActiveCfg = Debug|x86
		{00850E7F-0616-4C76-99C6-2942074D30F5}.Debug|Any CPU.Build.0 = Debug|x86
		{00850E7F-0616-4C76-99C6-2942074D30F5}.Debug|Any CPU.Deploy.0 = Debug|x86
		{00850E7F-0616-4C76-99C6-2942074D30F5}.Debug|ARM.ActiveCfg = Debug|ARM
		{00850E7F-0616-4C76-99C6-2942074D30F5}.Debug|ARM.Build.0 = Debug|ARM
		{00850E7F-0616-4C76-99C6-2942074D30F5}.Debug|ARM.Deploy.0 = Debug|ARM
		{00850E7F-0616-4C76-99C6-2942074D30F5}.Debug|iPhone.ActiveCfg = Debug|x86
		{00850E7F-0616-4C76-99C6-2942074D30F5}.Debug|iPhone.Build.0 = Debug|x86
		{00850E7F-0616-4C76-99C6-2942074D30F5}.Debug|iPhone.Deploy.0 = Debug|x86
		{00850E7F-0616-4C76-99C6-2942074D30F5}.Debug|iPhoneSimulator.ActiveCfg = Debug|x86
		{00850E7F-0616-4C76-99C6-2942074D30F5}.Debug|iPhoneSimulator.Build.0 = Debug|x86
		{00850E7F-0616-4C76-99C6-2942074D30F5}.Debug|iPhoneSimulator.Deploy.0 = Debug|x86
		{00850E7F-0616-4C76-99C6-2942074D30F5}.Debug|x64.ActiveCfg = Debug|x64
		{00850E7F-0616-4C76-99C6-2942074D30F5}.Debug|x64.Build.0 = Debug|x64
		{00850E7F-0616-4C76-99C6-2942074D30F5}.Debug|x64.Deploy.0 = Debug|x64
		{00850E7F-0616-4C76-99C6-2942074D30F5}.Debug|x86.ActiveCfg = Debug|x86
		{00850E7F-0616-4C76-99C6-2942074D30F5}.Debug|x86.Build.0 = Debug|x86
		{00850E7F-0616-4C76-99C6-2942074D30F5}.Debug|x86.Deploy.0 = Debug|x86
		{00850E7F-0616-4C76-99C6-2942074D30F5}.Release|Any CPU.ActiveCfg = Release|x86
		{00850E7F-0616-4C76-99C6-2942074D30F5}.Release|Any CPU.Build.0 = Release|x86
		{00850E7F-0616-4C76-99C6-2942074D30F5}.Release|Any CPU.Deploy.0 = Release|x86
		{00850E7F-0616-4C76-99C6-2942074D30F5}.Release|ARM.ActiveCfg = Release|ARM
		{00850E7F-0616-4C76-99C6-2942074D30F5}.Release|ARM.Build.0 = Release|ARM
		{00850E7F-0616-4C76-99C6-2942074D30F5}.Release|ARM.Deploy.0 = Release|ARM
		{00850E7F-0616-4C76-99C6-2942074D30F5}.Release|iPhone.ActiveCfg = Release|x86
		{00850E7F-0616-4C76-99C6-2942074D30F5}.Release|iPhone.Build.0 = Release|x86
		{00850E7F-0616-4C76-99C6-2942074D30F5}.Release|iPhone.Deploy.0 = Release|x86
		{00850E7F-0616-4C76-99C6-2942074D30F5}.Release|iPhoneSimulator.ActiveCfg = Release|x86
		{00850E7F-0616-4C76-99C6-2942074D30F5}.Release|iPhoneSimulator.Build.0 = Release|x86
		{00850E7F-0616-4C76-99C6-2942074D30F5}.Release|iPhoneSimulator.Deploy.0 = Release|x86
		{00850E7F-0616-4C76-99C6-2942074D30F5}.Release|x64.ActiveCfg = Release|x64
		{00850E7F-0616-4C76-99C6-2942074D30F5}.Release|x64.Build.0 = Release|x64
		{00850E7F-0616-4C76-99C6-2942074D30F5}.Release|x64.Deploy.0 = Release|x64
		{00850E7F-0616-4C76-99C6-2942074D30F5}.Release|x86.ActiveCfg = Release|x86
		{00850E7F-0616-4C76-99C6-2942074D30F5}.Release|x86.Build.0 = Release|x86
		{00850E7F-0616-4C76-99C6-2942074D30F5}.Release|x86.Deploy.0 = Release|x86
		{8A8927E8-F9A1-4964-951D-4AC9CE9ECC0B}.Ad-Hoc|Any CPU.ActiveCfg = Debug|Any CPU
		{8A8927E8-F9A1-4964-951D-4AC9CE9ECC0B}.Ad-Hoc|Any CPU.Build.0 = Debug|Any CPU
		{8A8927E8-F9A1-4964-951D-4AC9CE9ECC0B}.Ad-Hoc|Any CPU.Deploy.0 = Debug|Any CPU
		{8A8927E8-F9A1-4964-951D-4AC9CE9ECC0B}.Ad-Hoc|ARM.ActiveCfg = Debug|Any CPU
		{8A8927E8-F9A1-4964-951D-4AC9CE9ECC0B}.Ad-Hoc|ARM.Build.0 = Debug|Any CPU
		{8A8927E8-F9A1-4964-951D-4AC9CE9ECC0B}.Ad-Hoc|ARM.Deploy.0 = Debug|Any CPU
		{8A8927E8-F9A1-4964-951D-4AC9CE9ECC0B}.Ad-Hoc|iPhone.ActiveCfg = Debug|Any CPU
		{8A8927E8-F9A1-4964-951D-4AC9CE9ECC0B}.Ad-Hoc|iPhone.Build.0 = Debug|Any CPU
		{8A8927E8-F9A1-4964-951D-4AC9CE9ECC0B}.Ad-Hoc|iPhone.Deploy.0 = Debug|Any CPU
		{8A8927E8-F9A1-4964-951D-4AC9CE9ECC0B}.Ad-Hoc|iPhoneSimulator.ActiveCfg = Debug|Any CPU
		{8A8927E8-F9A1-4964-951D-4AC9CE9ECC0B}.Ad-Hoc|iPhoneSimulator.Build.0 = Debug|Any CPU
		{8A8927E8-F9A1-4964-951D-4AC9CE9ECC0B}.Ad-Hoc|iPhoneSimulator.Deploy.0 = Debug|Any CPU
		{8A8927E8-F9A1-4964-951D-4AC9CE9ECC0B}.Ad-Hoc|x64.ActiveCfg = Debug|Any CPU
		{8A8927E8-F9A1-4964-951D-4AC9CE9ECC0B}.Ad-Hoc|x64.Build.0 = Debug|Any CPU
		{8A8927E8-F9A1-4964-951D-4AC9CE9ECC0B}.Ad-Hoc|x64.Deploy.0 = Debug|Any CPU
		{8A8927E8-F9A1-4964-951D-4AC9CE9ECC0B}.Ad-Hoc|x86.ActiveCfg = Debug|Any CPU
		{8A8927E8-F9A1-4964-951D-4AC9CE9ECC0B}.Ad-Hoc|x86.Build.0 = Debug|Any CPU
		{8A8927E8-F9A1-4964-951D-4AC9CE9ECC0B}.Ad-Hoc|x86.Deploy.0 = Debug|Any CPU
		{8A8927E8-F9A1-4964-951D-4AC9CE9ECC0B}.AppStore|Any CPU.ActiveCfg = Debug|Any CPU
		{8A8927E8-F9A1-4964-951D-4AC9CE9ECC0B}.AppStore|Any CPU.Build.0 = Debug|Any CPU
		{8A8927E8-F9A1-4964-951D-4AC9CE9ECC0B}.AppStore|Any CPU.Deploy.0 = Debug|Any CPU
		{8A8927E8-F9A1-4964-951D-4AC9CE9ECC0B}.AppStore|ARM.ActiveCfg = Debug|Any CPU
		{8A8927E8-F9A1-4964-951D-4AC9CE9ECC0B}.AppStore|ARM.Build.0 = Debug|Any CPU
		{8A8927E8-F9A1-4964-951D-4AC9CE9ECC0B}.AppStore|ARM.Deploy.0 = Debug|Any CPU
		{8A8927E8-F9A1-4964-951D-4AC9CE9ECC0B}.AppStore|iPhone.ActiveCfg = Debug|Any CPU
		{8A8927E8-F9A1-4964-951D-4AC9CE9ECC0B}.AppStore|iPhone.Build.0 = Debug|Any CPU
		{8A8927E8-F9A1-4964-951D-4AC9CE9ECC0B}.AppStore|iPhone.Deploy.0 = Debug|Any CPU
		{8A8927E8-F9A1-4964-951D-4AC9CE9ECC0B}.AppStore|iPhoneSimulator.ActiveCfg = Debug|Any CPU
		{8A8927E8-F9A1-4964-951D-4AC9CE9ECC0B}.AppStore|iPhoneSimulator.Build.0 = Debug|Any CPU
		{8A8927E8-F9A1-4964-951D-4AC9CE9ECC0B}.AppStore|iPhoneSimulator.Deploy.0 = Debug|Any CPU
		{8A8927E8-F9A1-4964-951D-4AC9CE9ECC0B}.AppStore|x64.ActiveCfg = Debug|Any CPU
		{8A8927E8-F9A1-4964-951D-4AC9CE9ECC0B}.AppStore|x64.Build.0 = Debug|Any CPU
		{8A8927E8-F9A1-4964-951D-4AC9CE9ECC0B}.AppStore|x64.Deploy.0 = Debug|Any CPU
		{8A8927E8-F9A1-4964-951D-4AC9CE9ECC0B}.AppStore|x86.ActiveCfg = Debug|Any CPU
		{8A8927E8-F9A1-4964-951D-4AC9CE9ECC0B}.AppStore|x86.Build.0 = Debug|Any CPU
		{8A8927E8-F9A1-4964-951D-4AC9CE9ECC0B}.AppStore|x86.Deploy.0 = Debug|Any CPU
		{8A8927E8-F9A1-4964-951D-4AC9CE9ECC0B}.Debug|Any CPU.ActiveCfg = Debug|Any CPU
		{8A8927E8-F9A1-4964-951D-4AC9CE9ECC0B}.Debug|Any CPU.Build.0 = Debug|Any CPU
		{8A8927E8-F9A1-4964-951D-4AC9CE9ECC0B}.Debug|Any CPU.Deploy.0 = Debug|Any CPU
		{8A8927E8-F9A1-4964-951D-4AC9CE9ECC0B}.Debug|ARM.ActiveCfg = Debug|Any CPU
		{8A8927E8-F9A1-4964-951D-4AC9CE9ECC0B}.Debug|ARM.Build.0 = Debug|Any CPU
		{8A8927E8-F9A1-4964-951D-4AC9CE9ECC0B}.Debug|ARM.Deploy.0 = Debug|Any CPU
		{8A8927E8-F9A1-4964-951D-4AC9CE9ECC0B}.Debug|iPhone.ActiveCfg = Debug|Any CPU
		{8A8927E8-F9A1-4964-951D-4AC9CE9ECC0B}.Debug|iPhone.Build.0 = Debug|Any CPU
		{8A8927E8-F9A1-4964-951D-4AC9CE9ECC0B}.Debug|iPhone.Deploy.0 = Debug|Any CPU
		{8A8927E8-F9A1-4964-951D-4AC9CE9ECC0B}.Debug|iPhoneSimulator.ActiveCfg = Debug|Any CPU
		{8A8927E8-F9A1-4964-951D-4AC9CE9ECC0B}.Debug|iPhoneSimulator.Build.0 = Debug|Any CPU
		{8A8927E8-F9A1-4964-951D-4AC9CE9ECC0B}.Debug|iPhoneSimulator.Deploy.0 = Debug|Any CPU
		{8A8927E8-F9A1-4964-951D-4AC9CE9ECC0B}.Debug|x64.ActiveCfg = Debug|Any CPU
		{8A8927E8-F9A1-4964-951D-4AC9CE9ECC0B}.Debug|x64.Build.0 = Debug|Any CPU
		{8A8927E8-F9A1-4964-951D-4AC9CE9ECC0B}.Debug|x64.Deploy.0 = Debug|Any CPU
		{8A8927E8-F9A1-4964-951D-4AC9CE9ECC0B}.Debug|x86.ActiveCfg = Debug|Any CPU
		{8A8927E8-F9A1-4964-951D-4AC9CE9ECC0B}.Debug|x86.Build.0 = Debug|Any CPU
		{8A8927E8-F9A1-4964-951D-4AC9CE9ECC0B}.Debug|x86.Deploy.0 = Debug|Any CPU
		{8A8927E8-F9A1-4964-951D-4AC9CE9ECC0B}.Release|Any CPU.ActiveCfg = Release|Any CPU
		{8A8927E8-F9A1-4964-951D-4AC9CE9ECC0B}.Release|Any CPU.Build.0 = Release|Any CPU
		{8A8927E8-F9A1-4964-951D-4AC9CE9ECC0B}.Release|Any CPU.Deploy.0 = Release|Any CPU
		{8A8927E8-F9A1-4964-951D-4AC9CE9ECC0B}.Release|ARM.ActiveCfg = Release|Any CPU
		{8A8927E8-F9A1-4964-951D-4AC9CE9ECC0B}.Release|ARM.Build.0 = Release|Any CPU
		{8A8927E8-F9A1-4964-951D-4AC9CE9ECC0B}.Release|ARM.Deploy.0 = Release|Any CPU
		{8A8927E8-F9A1-4964-951D-4AC9CE9ECC0B}.Release|iPhone.ActiveCfg = Release|Any CPU
		{8A8927E8-F9A1-4964-951D-4AC9CE9ECC0B}.Release|iPhone.Build.0 = Release|Any CPU
		{8A8927E8-F9A1-4964-951D-4AC9CE9ECC0B}.Release|iPhone.Deploy.0 = Release|Any CPU
		{8A8927E8-F9A1-4964-951D-4AC9CE9ECC0B}.Release|iPhoneSimulator.ActiveCfg = Release|Any CPU
		{8A8927E8-F9A1-4964-951D-4AC9CE9ECC0B}.Release|iPhoneSimulator.Build.0 = Release|Any CPU
		{8A8927E8-F9A1-4964-951D-4AC9CE9ECC0B}.Release|iPhoneSimulator.Deploy.0 = Release|Any CPU
		{8A8927E8-F9A1-4964-951D-4AC9CE9ECC0B}.Release|x64.ActiveCfg = Release|Any CPU
		{8A8927E8-F9A1-4964-951D-4AC9CE9ECC0B}.Release|x64.Build.0 = Release|Any CPU
		{8A8927E8-F9A1-4964-951D-4AC9CE9ECC0B}.Release|x64.Deploy.0 = Release|Any CPU
		{8A8927E8-F9A1-4964-951D-4AC9CE9ECC0B}.Release|x86.ActiveCfg = Release|Any CPU
		{8A8927E8-F9A1-4964-951D-4AC9CE9ECC0B}.Release|x86.Build.0 = Release|Any CPU
		{8A8927E8-F9A1-4964-951D-4AC9CE9ECC0B}.Release|x86.Deploy.0 = Release|Any CPU
		{0ADF714F-4DD3-44DE-A498-720A74D4C104}.Ad-Hoc|Any CPU.ActiveCfg = Release|Any CPU
		{0ADF714F-4DD3-44DE-A498-720A74D4C104}.Ad-Hoc|Any CPU.Build.0 = Release|Any CPU
		{0ADF714F-4DD3-44DE-A498-720A74D4C104}.Ad-Hoc|ARM.ActiveCfg = Release|Any CPU
		{0ADF714F-4DD3-44DE-A498-720A74D4C104}.Ad-Hoc|ARM.Build.0 = Release|Any CPU
		{0ADF714F-4DD3-44DE-A498-720A74D4C104}.Ad-Hoc|iPhone.ActiveCfg = Release|Any CPU
		{0ADF714F-4DD3-44DE-A498-720A74D4C104}.Ad-Hoc|iPhone.Build.0 = Release|Any CPU
		{0ADF714F-4DD3-44DE-A498-720A74D4C104}.Ad-Hoc|iPhoneSimulator.ActiveCfg = Release|Any CPU
		{0ADF714F-4DD3-44DE-A498-720A74D4C104}.Ad-Hoc|iPhoneSimulator.Build.0 = Release|Any CPU
		{0ADF714F-4DD3-44DE-A498-720A74D4C104}.Ad-Hoc|x64.ActiveCfg = Release|Any CPU
		{0ADF714F-4DD3-44DE-A498-720A74D4C104}.Ad-Hoc|x64.Build.0 = Release|Any CPU
		{0ADF714F-4DD3-44DE-A498-720A74D4C104}.Ad-Hoc|x86.ActiveCfg = Release|Any CPU
		{0ADF714F-4DD3-44DE-A498-720A74D4C104}.Ad-Hoc|x86.Build.0 = Release|Any CPU
		{0ADF714F-4DD3-44DE-A498-720A74D4C104}.AppStore|Any CPU.ActiveCfg = Release|Any CPU
		{0ADF714F-4DD3-44DE-A498-720A74D4C104}.AppStore|Any CPU.Build.0 = Release|Any CPU
		{0ADF714F-4DD3-44DE-A498-720A74D4C104}.AppStore|ARM.ActiveCfg = Release|Any CPU
		{0ADF714F-4DD3-44DE-A498-720A74D4C104}.AppStore|ARM.Build.0 = Release|Any CPU
		{0ADF714F-4DD3-44DE-A498-720A74D4C104}.AppStore|iPhone.ActiveCfg = Release|Any CPU
		{0ADF714F-4DD3-44DE-A498-720A74D4C104}.AppStore|iPhone.Build.0 = Release|Any CPU
		{0ADF714F-4DD3-44DE-A498-720A74D4C104}.AppStore|iPhoneSimulator.ActiveCfg = Release|Any CPU
		{0ADF714F-4DD3-44DE-A498-720A74D4C104}.AppStore|iPhoneSimulator.Build.0 = Release|Any CPU
		{0ADF714F-4DD3-44DE-A498-720A74D4C104}.AppStore|x64.ActiveCfg = Release|Any CPU
		{0ADF714F-4DD3-44DE-A498-720A74D4C104}.AppStore|x64.Build.0 = Release|Any CPU
		{0ADF714F-4DD3-44DE-A498-720A74D4C104}.AppStore|x86.ActiveCfg = Release|Any CPU
		{0ADF714F-4DD3-44DE-A498-720A74D4C104}.AppStore|x86.Build.0 = Release|Any CPU
		{0ADF714F-4DD3-44DE-A498-720A74D4C104}.Debug|Any CPU.ActiveCfg = Debug|Any CPU
		{0ADF714F-4DD3-44DE-A498-720A74D4C104}.Debug|Any CPU.Build.0 = Debug|Any CPU
		{0ADF714F-4DD3-44DE-A498-720A74D4C104}.Debug|ARM.ActiveCfg = Debug|Any CPU
		{0ADF714F-4DD3-44DE-A498-720A74D4C104}.Debug|ARM.Build.0 = Debug|Any CPU
		{0ADF714F-4DD3-44DE-A498-720A74D4C104}.Debug|iPhone.ActiveCfg = Debug|Any CPU
		{0ADF714F-4DD3-44DE-A498-720A74D4C104}.Debug|iPhone.Build.0 = Debug|Any CPU
		{0ADF714F-4DD3-44DE-A498-720A74D4C104}.Debug|iPhoneSimulator.ActiveCfg = Debug|Any CPU
		{0ADF714F-4DD3-44DE-A498-720A74D4C104}.Debug|iPhoneSimulator.Build.0 = Debug|Any CPU
		{0ADF714F-4DD3-44DE-A498-720A74D4C104}.Debug|x64.ActiveCfg = Debug|Any CPU
		{0ADF714F-4DD3-44DE-A498-720A74D4C104}.Debug|x64.Build.0 = Debug|Any CPU
		{0ADF714F-4DD3-44DE-A498-720A74D4C104}.Debug|x86.ActiveCfg = Debug|Any CPU
		{0ADF714F-4DD3-44DE-A498-720A74D4C104}.Debug|x86.Build.0 = Debug|Any CPU
		{0ADF714F-4DD3-44DE-A498-720A74D4C104}.Release|Any CPU.ActiveCfg = Release|Any CPU
		{0ADF714F-4DD3-44DE-A498-720A74D4C104}.Release|Any CPU.Build.0 = Release|Any CPU
		{0ADF714F-4DD3-44DE-A498-720A74D4C104}.Release|ARM.ActiveCfg = Release|Any CPU
		{0ADF714F-4DD3-44DE-A498-720A74D4C104}.Release|ARM.Build.0 = Release|Any CPU
		{0ADF714F-4DD3-44DE-A498-720A74D4C104}.Release|iPhone.ActiveCfg = Release|Any CPU
		{0ADF714F-4DD3-44DE-A498-720A74D4C104}.Release|iPhone.Build.0 = Release|Any CPU
		{0ADF714F-4DD3-44DE-A498-720A74D4C104}.Release|iPhoneSimulator.ActiveCfg = Release|Any CPU
		{0ADF714F-4DD3-44DE-A498-720A74D4C104}.Release|iPhoneSimulator.Build.0 = Release|Any CPU
		{0ADF714F-4DD3-44DE-A498-720A74D4C104}.Release|x64.ActiveCfg = Release|Any CPU
		{0ADF714F-4DD3-44DE-A498-720A74D4C104}.Release|x64.Build.0 = Release|Any CPU
		{0ADF714F-4DD3-44DE-A498-720A74D4C104}.Release|x86.ActiveCfg = Release|Any CPU
		{0ADF714F-4DD3-44DE-A498-720A74D4C104}.Release|x86.Build.0 = Release|Any CPU
		{43C18B89-4E1E-43F7-83A3-F0C4F146FA9B}.Ad-Hoc|Any CPU.ActiveCfg = Release|Any CPU
		{43C18B89-4E1E-43F7-83A3-F0C4F146FA9B}.Ad-Hoc|Any CPU.Build.0 = Release|Any CPU
		{43C18B89-4E1E-43F7-83A3-F0C4F146FA9B}.Ad-Hoc|ARM.ActiveCfg = Release|Any CPU
		{43C18B89-4E1E-43F7-83A3-F0C4F146FA9B}.Ad-Hoc|ARM.Build.0 = Release|Any CPU
		{43C18B89-4E1E-43F7-83A3-F0C4F146FA9B}.Ad-Hoc|iPhone.ActiveCfg = Release|Any CPU
		{43C18B89-4E1E-43F7-83A3-F0C4F146FA9B}.Ad-Hoc|iPhone.Build.0 = Release|Any CPU
		{43C18B89-4E1E-43F7-83A3-F0C4F146FA9B}.Ad-Hoc|iPhoneSimulator.ActiveCfg = Release|Any CPU
		{43C18B89-4E1E-43F7-83A3-F0C4F146FA9B}.Ad-Hoc|iPhoneSimulator.Build.0 = Release|Any CPU
		{43C18B89-4E1E-43F7-83A3-F0C4F146FA9B}.Ad-Hoc|x64.ActiveCfg = Release|Any CPU
		{43C18B89-4E1E-43F7-83A3-F0C4F146FA9B}.Ad-Hoc|x64.Build.0 = Release|Any CPU
		{43C18B89-4E1E-43F7-83A3-F0C4F146FA9B}.Ad-Hoc|x86.ActiveCfg = Release|Any CPU
		{43C18B89-4E1E-43F7-83A3-F0C4F146FA9B}.Ad-Hoc|x86.Build.0 = Release|Any CPU
		{43C18B89-4E1E-43F7-83A3-F0C4F146FA9B}.AppStore|Any CPU.ActiveCfg = Release|Any CPU
		{43C18B89-4E1E-43F7-83A3-F0C4F146FA9B}.AppStore|Any CPU.Build.0 = Release|Any CPU
		{43C18B89-4E1E-43F7-83A3-F0C4F146FA9B}.AppStore|ARM.ActiveCfg = Release|Any CPU
		{43C18B89-4E1E-43F7-83A3-F0C4F146FA9B}.AppStore|ARM.Build.0 = Release|Any CPU
		{43C18B89-4E1E-43F7-83A3-F0C4F146FA9B}.AppStore|iPhone.ActiveCfg = Release|Any CPU
		{43C18B89-4E1E-43F7-83A3-F0C4F146FA9B}.AppStore|iPhone.Build.0 = Release|Any CPU
		{43C18B89-4E1E-43F7-83A3-F0C4F146FA9B}.AppStore|iPhoneSimulator.ActiveCfg = Release|Any CPU
		{43C18B89-4E1E-43F7-83A3-F0C4F146FA9B}.AppStore|iPhoneSimulator.Build.0 = Release|Any CPU
		{43C18B89-4E1E-43F7-83A3-F0C4F146FA9B}.AppStore|x64.ActiveCfg = Release|Any CPU
		{43C18B89-4E1E-43F7-83A3-F0C4F146FA9B}.AppStore|x64.Build.0 = Release|Any CPU
		{43C18B89-4E1E-43F7-83A3-F0C4F146FA9B}.AppStore|x86.ActiveCfg = Release|Any CPU
		{43C18B89-4E1E-43F7-83A3-F0C4F146FA9B}.AppStore|x86.Build.0 = Release|Any CPU
		{43C18B89-4E1E-43F7-83A3-F0C4F146FA9B}.Debug|Any CPU.ActiveCfg = Debug|Any CPU
		{43C18B89-4E1E-43F7-83A3-F0C4F146FA9B}.Debug|Any CPU.Build.0 = Debug|Any CPU
		{43C18B89-4E1E-43F7-83A3-F0C4F146FA9B}.Debug|ARM.ActiveCfg = Debug|Any CPU
		{43C18B89-4E1E-43F7-83A3-F0C4F146FA9B}.Debug|ARM.Build.0 = Debug|Any CPU
		{43C18B89-4E1E-43F7-83A3-F0C4F146FA9B}.Debug|iPhone.ActiveCfg = Debug|Any CPU
		{43C18B89-4E1E-43F7-83A3-F0C4F146FA9B}.Debug|iPhone.Build.0 = Debug|Any CPU
		{43C18B89-4E1E-43F7-83A3-F0C4F146FA9B}.Debug|iPhoneSimulator.ActiveCfg = Debug|Any CPU
		{43C18B89-4E1E-43F7-83A3-F0C4F146FA9B}.Debug|iPhoneSimulator.Build.0 = Debug|Any CPU
		{43C18B89-4E1E-43F7-83A3-F0C4F146FA9B}.Debug|x64.ActiveCfg = Debug|Any CPU
		{43C18B89-4E1E-43F7-83A3-F0C4F146FA9B}.Debug|x64.Build.0 = Debug|Any CPU
		{43C18B89-4E1E-43F7-83A3-F0C4F146FA9B}.Debug|x86.ActiveCfg = Debug|Any CPU
		{43C18B89-4E1E-43F7-83A3-F0C4F146FA9B}.Debug|x86.Build.0 = Debug|Any CPU
		{43C18B89-4E1E-43F7-83A3-F0C4F146FA9B}.Release|Any CPU.ActiveCfg = Release|Any CPU
		{43C18B89-4E1E-43F7-83A3-F0C4F146FA9B}.Release|Any CPU.Build.0 = Release|Any CPU
		{43C18B89-4E1E-43F7-83A3-F0C4F146FA9B}.Release|ARM.ActiveCfg = Release|Any CPU
		{43C18B89-4E1E-43F7-83A3-F0C4F146FA9B}.Release|ARM.Build.0 = Release|Any CPU
		{43C18B89-4E1E-43F7-83A3-F0C4F146FA9B}.Release|iPhone.ActiveCfg = Release|Any CPU
		{43C18B89-4E1E-43F7-83A3-F0C4F146FA9B}.Release|iPhone.Build.0 = Release|Any CPU
		{43C18B89-4E1E-43F7-83A3-F0C4F146FA9B}.Release|iPhoneSimulator.ActiveCfg = Release|Any CPU
		{43C18B89-4E1E-43F7-83A3-F0C4F146FA9B}.Release|iPhoneSimulator.Build.0 = Release|Any CPU
		{43C18B89-4E1E-43F7-83A3-F0C4F146FA9B}.Release|x64.ActiveCfg = Release|Any CPU
		{43C18B89-4E1E-43F7-83A3-F0C4F146FA9B}.Release|x64.Build.0 = Release|Any CPU
		{43C18B89-4E1E-43F7-83A3-F0C4F146FA9B}.Release|x86.ActiveCfg = Release|Any CPU
		{43C18B89-4E1E-43F7-83A3-F0C4F146FA9B}.Release|x86.Build.0 = Release|Any CPU
		{ACBA5812-3EB0-4475-B786-2810742C3BCF}.Ad-Hoc|Any CPU.ActiveCfg = Release|Any CPU
		{ACBA5812-3EB0-4475-B786-2810742C3BCF}.Ad-Hoc|Any CPU.Build.0 = Release|Any CPU
		{ACBA5812-3EB0-4475-B786-2810742C3BCF}.Ad-Hoc|ARM.ActiveCfg = Release|Any CPU
		{ACBA5812-3EB0-4475-B786-2810742C3BCF}.Ad-Hoc|ARM.Build.0 = Release|Any CPU
		{ACBA5812-3EB0-4475-B786-2810742C3BCF}.Ad-Hoc|iPhone.ActiveCfg = Release|Any CPU
		{ACBA5812-3EB0-4475-B786-2810742C3BCF}.Ad-Hoc|iPhone.Build.0 = Release|Any CPU
		{ACBA5812-3EB0-4475-B786-2810742C3BCF}.Ad-Hoc|iPhoneSimulator.ActiveCfg = Release|Any CPU
		{ACBA5812-3EB0-4475-B786-2810742C3BCF}.Ad-Hoc|iPhoneSimulator.Build.0 = Release|Any CPU
		{ACBA5812-3EB0-4475-B786-2810742C3BCF}.Ad-Hoc|x64.ActiveCfg = Release|Any CPU
		{ACBA5812-3EB0-4475-B786-2810742C3BCF}.Ad-Hoc|x64.Build.0 = Release|Any CPU
		{ACBA5812-3EB0-4475-B786-2810742C3BCF}.Ad-Hoc|x86.ActiveCfg = Release|Any CPU
		{ACBA5812-3EB0-4475-B786-2810742C3BCF}.Ad-Hoc|x86.Build.0 = Release|Any CPU
		{ACBA5812-3EB0-4475-B786-2810742C3BCF}.AppStore|Any CPU.ActiveCfg = Release|Any CPU
		{ACBA5812-3EB0-4475-B786-2810742C3BCF}.AppStore|Any CPU.Build.0 = Release|Any CPU
		{ACBA5812-3EB0-4475-B786-2810742C3BCF}.AppStore|ARM.ActiveCfg = Release|Any CPU
		{ACBA5812-3EB0-4475-B786-2810742C3BCF}.AppStore|ARM.Build.0 = Release|Any CPU
		{ACBA5812-3EB0-4475-B786-2810742C3BCF}.AppStore|iPhone.ActiveCfg = Release|Any CPU
		{ACBA5812-3EB0-4475-B786-2810742C3BCF}.AppStore|iPhone.Build.0 = Release|Any CPU
		{ACBA5812-3EB0-4475-B786-2810742C3BCF}.AppStore|iPhoneSimulator.ActiveCfg = Release|Any CPU
		{ACBA5812-3EB0-4475-B786-2810742C3BCF}.AppStore|iPhoneSimulator.Build.0 = Release|Any CPU
		{ACBA5812-3EB0-4475-B786-2810742C3BCF}.AppStore|x64.ActiveCfg = Release|Any CPU
		{ACBA5812-3EB0-4475-B786-2810742C3BCF}.AppStore|x64.Build.0 = Release|Any CPU
		{ACBA5812-3EB0-4475-B786-2810742C3BCF}.AppStore|x86.ActiveCfg = Release|Any CPU
		{ACBA5812-3EB0-4475-B786-2810742C3BCF}.AppStore|x86.Build.0 = Release|Any CPU
		{ACBA5812-3EB0-4475-B786-2810742C3BCF}.Debug|Any CPU.ActiveCfg = Debug|Any CPU
		{ACBA5812-3EB0-4475-B786-2810742C3BCF}.Debug|Any CPU.Build.0 = Debug|Any CPU
		{ACBA5812-3EB0-4475-B786-2810742C3BCF}.Debug|ARM.ActiveCfg = Debug|Any CPU
		{ACBA5812-3EB0-4475-B786-2810742C3BCF}.Debug|ARM.Build.0 = Debug|Any CPU
		{ACBA5812-3EB0-4475-B786-2810742C3BCF}.Debug|iPhone.ActiveCfg = Debug|Any CPU
		{ACBA5812-3EB0-4475-B786-2810742C3BCF}.Debug|iPhone.Build.0 = Debug|Any CPU
		{ACBA5812-3EB0-4475-B786-2810742C3BCF}.Debug|iPhoneSimulator.ActiveCfg = Debug|Any CPU
		{ACBA5812-3EB0-4475-B786-2810742C3BCF}.Debug|iPhoneSimulator.Build.0 = Debug|Any CPU
		{ACBA5812-3EB0-4475-B786-2810742C3BCF}.Debug|x64.ActiveCfg = Debug|Any CPU
		{ACBA5812-3EB0-4475-B786-2810742C3BCF}.Debug|x64.Build.0 = Debug|Any CPU
		{ACBA5812-3EB0-4475-B786-2810742C3BCF}.Debug|x86.ActiveCfg = Debug|Any CPU
		{ACBA5812-3EB0-4475-B786-2810742C3BCF}.Debug|x86.Build.0 = Debug|Any CPU
		{ACBA5812-3EB0-4475-B786-2810742C3BCF}.Release|Any CPU.ActiveCfg = Release|Any CPU
		{ACBA5812-3EB0-4475-B786-2810742C3BCF}.Release|Any CPU.Build.0 = Release|Any CPU
		{ACBA5812-3EB0-4475-B786-2810742C3BCF}.Release|ARM.ActiveCfg = Release|Any CPU
		{ACBA5812-3EB0-4475-B786-2810742C3BCF}.Release|ARM.Build.0 = Release|Any CPU
		{ACBA5812-3EB0-4475-B786-2810742C3BCF}.Release|iPhone.ActiveCfg = Release|Any CPU
		{ACBA5812-3EB0-4475-B786-2810742C3BCF}.Release|iPhone.Build.0 = Release|Any CPU
		{ACBA5812-3EB0-4475-B786-2810742C3BCF}.Release|iPhoneSimulator.ActiveCfg = Release|Any CPU
		{ACBA5812-3EB0-4475-B786-2810742C3BCF}.Release|iPhoneSimulator.Build.0 = Release|Any CPU
		{ACBA5812-3EB0-4475-B786-2810742C3BCF}.Release|x64.ActiveCfg = Release|Any CPU
		{ACBA5812-3EB0-4475-B786-2810742C3BCF}.Release|x64.Build.0 = Release|Any CPU
		{ACBA5812-3EB0-4475-B786-2810742C3BCF}.Release|x86.ActiveCfg = Release|Any CPU
		{ACBA5812-3EB0-4475-B786-2810742C3BCF}.Release|x86.Build.0 = Release|Any CPU
	EndGlobalSection
	GlobalSection(SolutionProperties) = preSolution
		HideSolutionNode = FALSE
	EndGlobalSection
	GlobalSection(ExtensibilityGlobals) = postSolution
		SolutionGuid = {B5125C01-294D-48F6-BDCC-12F06332AE54}
	EndGlobalSection
EndGlobal
